{
  "lockfile-version": 1,
  "manifest": {
    "version": 1,
    "install": {
      "actionlint": {
        "pkg-path": "actionlint"
      },
      "buf": {
        "pkg-path": "buf"
      },
      "nodejs": {
        "pkg-path": "nodejs"
      },
      "pnpm": {
        "pkg-path": "pnpm"
      }
    },
    "hook": {},
    "profile": {},
    "options": {}
  },
  "packages": [
    {
      "attr_path": "actionlint",
      "broken": false,
      "derivation": "/nix/store/f6xz9pw6zvga7r04isc4xf54y8g4sq5z-actionlint-1.7.12.drv",
      "description": "Static checker for GitHub Actions workflow files",
      "install_id": "actionlint",
      "license": "MIT",
      "locked_url": "https://github.com/flox/nixpkgs?rev=d407951447dcd00442e97087bf374aad70c04cea",
      "name": "actionlint-1.7.12",
      "pname": "actionlint",
      "rev": "d407951447dcd00442e97087bf374aad70c04cea",
      "rev_count": 1027867,
      "rev_date": "2026-07-05T04:06:12Z",
      "scrape_date": "2026-07-06T03:12:54.694474Z",
      "stabilities": [
        "staging",
        "unstable"
      ],
      "unfree": false,
      "version": "1.7.12",
      "outputs_to_install": [
        "out"
      ],
      "outputs": {
        "out": "/nix/store/9qj0ikkqv66k52xs8fywmnzyg8zn2svm-actionlint-1.7.12"
      },
      "system": "aarch64-darwin",
      "group": "toplevel",
      "priority": 5
    },
    {
      "attr_path": "actionlint",
      "broken": false,
      "derivation": "/nix/store/pih7r5p4pify73ap7r0g4s7aqv5q01d2-actionlint-1.7.12.drv",
      "description": "Static checker for GitHub Actions workflow files",
      "install_id": "actionlint",
      "license": "MIT",
      "locked_url": "https://github.com/flox/nixpkgs?rev=d407951447dcd00442e97087bf374aad70c04cea",
      "name": "actionlint-1.7.12",
      "pname": "actionlint",
      "rev": "d407951447dcd00442e97087bf374aad70c04cea",
      "rev_count": 1027867,
      "rev_date": "2026-07-05T04:06:12Z",
      "scrape_date": "2026-07-06T03:41:21.154073Z",
      "stabilities": [
        "staging",
        "unstable"
      ],
      "unfree": false,
      "version": "1.7.12",
      "outputs_to_install": [
        "out"
      ],
      "outputs": {
        "out": "/nix/store/31js4yryr1yjq4waygdlv2k5w5ks0s0n-actionlint-1.7.12"
      },
      "system": "aarch64-linux",
      "group": "toplevel",
      "priority": 5
    },
    {
      "attr_path": "actionlint",
      "broken": false,
      "derivation": "/nix/store/63nf20xl5rcbm5mxf2pbfkdk90lcc4qi-actionlint-1.7.12.drv",
      "description": "Static checker for GitHub Actions workflow files",
      "install_id": "actionlint",
      "license": "MIT",
      "locked_url": "https://github.com/flox/nixpkgs?rev=d407951447dcd00442e97087bf374aad70c04cea",
      "name": "actionlint-1.7.12",
      "pname": "actionlint",
      "rev": "d407951447dcd00442e97087bf374aad70c04cea",
      "rev_count": 1027867,
      "rev_date": "2026-07-05T04:06:12Z",
      "scrape_date": "2026-07-06T04:08:59.948591Z",
      "stabilities": [
        "staging",
        "unstable"
      ],
      "unfree": false,
      "version": "1.7.12",
      "outputs_to_install": [
        "out"
      ],
      "outputs": {
        "out": "/nix/store/w4rjv0ikr5r5x54w758c8ck2016nmzsx-actionlint-1.7.12"
      },
      "system": "x86_64-darwin",
      "group": "toplevel",
      "priority": 5
    },
    {
      "attr_path": "actionlint",
      "broken": false,
      "derivation": "/nix/store/mk996amm0g9pssw96f0nh4460x97p890-actionlint-1.7.12.drv",
      "description": "Static checker for GitHub Actions workflow files",
      "install_id": "actionlint",
      "license": "MIT",
      "locked_url": "https://github.com/flox/nixpkgs?rev=d407951447dcd00442e97087bf374aad70c04cea",
      "name": "actionlint-1.7.12",
      "pname": "actionlint",
      "rev": "d407951447dcd00442e97087bf374aad70c04cea",
      "rev_count": 1027867,
      "rev_date": "2026-07-05T04:06:12Z",
      "scrape_date": "2026-07-06T04:40:23.770360Z",
      "stabilities": [
        "staging",
        "unstable"
      ],
      "unfree": false,
      "version": "1.7.12",
      "outputs_to_install": [
        "out"
      ],
      "outputs": {
        "out": "/nix/store/20imjbvi2q6z691fd5acg20mfx3aqvkj-actionlint-1.7.12"
      },
      "system": "x86_64-linux",
      "group": "toplevel",
      "priority": 5
    },
    {
      "attr_path": "buf",
      "broken": false,
      "derivation": "/nix/store/fa39cn51c0hl6qx49w746xmrs879qjjs-buf-1.71.0.drv",
      "description": "Create consistent Protobuf APIs that preserve compatibility and comply with design best-practices",
      "install_id": "buf",
      "license": "Apache-2.0",
      "locked_url": "https://github.com/flox/nixpkgs?rev=d407951447dcd00442e97087bf374aad70c04cea",
      "name": "buf-1.71.0",
      "pname": "buf",
      "rev": "d407951447dcd00442e97087bf374aad70c04cea",
      "rev_count": 1027867,
      "rev_date": "2026-07-05T04:06:12Z",
      "scrape_date": "2026-07-06T03:12:54.943500Z",
      "stabilities": [
        "staging",
        "unstable"
      ],
      "unfree": false,
      "version": "1.71.0",
      "outputs_to_install": [
        "out"
      ],
      "outputs": {
        "out": "/nix/store/ky7qnn9sb2sqyq7b4j4wr7059njqlm6z-buf-1.71.0"
      },
      "system": "aarch64-darwin",
      "group": "toplevel",
      "priority": 5
    },
    {
      "attr_path": "buf",
      "broken": false,
      "derivation": "/nix/store/awlzrq2w2fr4ldwnw0yxsmzazdbj33d9-buf-1.71.0.drv",
      "description": "Create consistent Protobuf APIs that preserve compatibility and comply with design best-practices",
      "install_id": "buf",
      "license": "Apache-2.0",
      "locked_url": "https://github.com/flox/nixpkgs?rev=d407951447dcd00442e97087bf374aad70c04cea",
      "name": "buf-1.71.0",
      "pname": "buf",
      "rev": "d407951447dcd00442e97087bf374aad70c04cea",
      "rev_count": 1027867,
      "rev_date": "2026-07-05T04:06:12Z",
      "scrape_date": "2026-07-06T03:41:21.505988Z",
      "stabilities": [
        "staging",
        "unstable"
      ],
      "unfree": false,
      "version": "1.71.0",
      "outputs_to_install": [
        "out"
      ],
      "outputs": {
        "out": "/nix/store/271wrlc88gsqm1bgm0frvad5ass1in93-buf-1.71.0"
      },
      "system": "aarch64-linux",
      "group": "toplevel",
      "priority": 5
    },
    {
      "attr_path": "buf",
      "broken": false,
      "derivation": "/nix/store/rn4p61bb1b3phmcd93z43xaapblhph8n-buf-1.71.0.drv",
      "description": "Create consistent Protobuf APIs that preserve compatibility and comply with design best-practices",
      "install_id": "buf",
      "license": "Apache-2.0",
      "locked_url": "https://github.com/flox/nixpkgs?rev=d407951447dcd00442e97087bf374aad70c04cea",
      "name": "buf-1.71.0",
      "pname": "buf",
      "rev": "d407951447dcd00442e97087bf374aad70c04cea",
      "rev_count": 1027867,
      "rev_date": "2026-07-05T04:06:12Z",
      "scrape_date": "2026-07-06T04:09:00.257573Z",
      "stabilities": [
        "staging",
        "unstable"
      ],
      "unfree": false,
      "version": "1.71.0",
      "outputs_to_install": [
        "out"
      ],
      "outputs": {
        "out": "/nix/store/6iipkkpyxq356qc5gx4zwhswdqxa6yw1-buf-1.71.0"
      },
      "system": "x86_64-darwin",
      "group": "toplevel",
      "priority": 5
    },
    {
      "attr_path": "buf",
      "broken": false,
      "derivation": "/nix/store/68rb3l3ligb59dghmlmxmmws24mw12sv-buf-1.71.0.drv",
      "description": "Create consistent Protobuf APIs that preserve compatibility and comply with design best-practices",
      "install_id": "buf",
      "license": "Apache-2.0",
      "locked_url": "https://github.com/flox/nixpkgs?rev=d407951447dcd00442e97087bf374aad70c04cea",
      "name": "buf-1.71.0",
      "pname": "buf",
      "rev": "d407951447dcd00442e97087bf374aad70c04cea",
      "rev_count": 1027867,
      "rev_date": "2026-07-05T04:06:12Z",
      "scrape_date": "2026-07-06T04:40:24.129426Z",
      "stabilities": [
        "staging",
        "unstable"
      ],
      "unfree": false,
      "version": "1.71.0",
      "outputs_to_install": [
        "out"
      ],
      "outputs": {
        "out": "/nix/store/21lh9zagq5sllazmlzi2yhfw78scjs8x-buf-1.71.0"
      },
      "system": "x86_64-linux",
      "group": "toplevel",
      "priority": 5
    },
    {
      "attr_path": "nodejs",
      "broken": false,
      "derivation": "/nix/store/1a0cn85p1mwixhwy16db7v2652pz7l8g-nodejs-24.16.0.drv",
      "description": "Event-driven I/O framework for the V8 JavaScript engine",
      "install_id": "nodejs",
      "license": "MIT",
      "locked_url": "https://github.com/flox/nixpkgs?rev=d407951447dcd00442e97087bf374aad70c04cea",
      "name": "nodejs-24.16.0",
      "pname": "nodejs",
      "rev": "d407951447dcd00442e97087bf374aad70c04cea",
      "rev_count": 1027867,
      "rev_date": "2026-07-05T04:06:12Z",
      "scrape_date": "2026-07-06T03:13:20.493760Z",
      "stabilities": [
        "staging",
        "unstable"
      ],
      "unfree": false,
      "version": "24.16.0",
      "outputs_to_install": [
        "out"
      ],
      "outputs": {
        "out": "/nix/store/1zm1xb652wk1kscxbcvbryq8y45b0gy5-nodejs-24.16.0"
      },
      "system": "aarch64-darwin",
      "group": "toplevel",
      "priority": 5
    },
    {
      "attr_path": "nodejs",
      "broken": false,
      "derivation": "/nix/store/aay2n9r5ljwfvlva807p9f0p1vpwg7mb-nodejs-24.16.0.drv",
      "description": "Event-driven I/O framework for the V8 JavaScript engine",
      "install_id": "nodejs",
      "license": "MIT",
      "locked_url": "https://github.com/flox/nixpkgs?rev=d407951447dcd00442e97087bf374aad70c04cea",
      "name": "nodejs-24.16.0",
      "pname": "nodejs",
      "rev": "d407951447dcd00442e97087bf374aad70c04cea",
      "rev_count": 1027867,
      "rev_date": "2026-07-05T04:06:12Z",
      "scrape_date": "2026-07-06T03:42:00.460042Z",
      "stabilities": [
        "staging",
        "unstable"
      ],
      "unfree": false,
      "version": "24.16.0",
      "outputs_to_install": [
        "out"
      ],
      "outputs": {
        "out": "/nix/store/60vys190zxlx4k1jz0kyvk4vydzr7qml-nodejs-24.16.0"
      },
      "system": "aarch64-linux",
      "group": "toplevel",
      "priority": 5
    },
    {
      "attr_path": "nodejs",
      "broken": false,
      "derivation": "/nix/store/yc1bpd21mkkawwxkq2zskmkqjmzwgv54-nodejs-24.16.0.drv",
      "description": "Event-driven I/O framework for the V8 JavaScript engine",
      "install_id": "nodejs",
      "license": "MIT",
      "locked_url": "https://github.com/flox/nixpkgs?rev=d407951447dcd00442e97087bf374aad70c04cea",
      "name": "nodejs-24.16.0",
      "pname": "nodejs",
      "rev": "d407951447dcd00442e97087bf374aad70c04cea",
      "rev_count": 1027867,
      "rev_date": "2026-07-05T04:06:12Z",
      "scrape_date": "2026-07-06T04:09:32.244433Z",
      "stabilities": [
        "staging",
        "unstable"
      ],
      "unfree": false,
      "version": "24.16.0",
      "outputs_to_install": [
        "out"
      ],
      "outputs": {
        "out": "/nix/store/v04l0kjhdvbzkzrnw6ryf43dp8v0qapv-nodejs-24.16.0"
      },
      "system": "x86_64-darwin",
      "group": "toplevel",
      "priority": 5
    },
    {
      "attr_path": "nodejs",
      "broken": false,
      "derivation": "/nix/store/k9jn43g1p70zs7l9vgxh57aarg2s2jkv-nodejs-24.16.0.drv",
      "description": "Event-driven I/O framework for the V8 JavaScript engine",
      "install_id": "nodejs",
      "license": "MIT",
      "locked_url": "https://github.com/flox/nixpkgs?rev=d407951447dcd00442e97087bf374aad70c04cea",
      "name": "nodejs-24.16.0",
      "pname": "nodejs",
      "rev": "d407951447dcd00442e97087bf374aad70c04cea",
      "rev_count": 1027867,
      "rev_date": "2026-07-05T04:06:12Z",
      "scrape_date": "2026-07-06T04:41:05.911622Z",
      "stabilities": [
        "staging",
        "unstable"
      ],
      "unfree": false,
      "version": "24.16.0",
      "outputs_to_install": [
        "out"
      ],
      "outputs": {
        "out": "/nix/store/zvj0hl7rhh0ccr5vkcg3ijs3xm3sgyac-nodejs-24.16.0"
      },
      "system": "x86_64-linux",
      "group": "toplevel",
      "priority": 5
    },
    {
      "attr_path": "pnpm",
      "broken": false,
      "derivation": "/nix/store/pg4zfpv2lj28srsy5hdhwgqyxx2g99wi-pnpm-11.9.0.drv",
      "description": "Fast, disk space efficient package manager for JavaScript",
      "install_id": "pnpm",
      "license": "MIT",
      "locked_url": "https://github.com/flox/nixpkgs?rev=d407951447dcd00442e97087bf374aad70c04cea",
      "name": "pnpm-11.9.0",
      "pname": "pnpm",
      "rev": "d407951447dcd00442e97087bf374aad70c04cea",
      "rev_count": 1027867,
      "rev_date": "2026-07-05T04:06:12Z",
      "scrape_date": "2026-07-06T03:13:35.120272Z",
      "stabilities": [
        "staging",
        "unstable"
      ],
      "unfree": false,
      "version": "11.9.0",
      "outputs_to_install": [
        "out"
      ],
      "outputs": {
        "out": "/nix/store/smxi4h44j1hj557lr4wjvdi5rdlarxw3-pnpm-11.9.0"
      },
      "system": "aarch64-darwin",
      "group": "toplevel",
      "priority": 5
    },
    {
      "attr_path": "pnpm",
      "broken": false,
      "derivation": "/nix/store/qqsvzmdcfic0hacrr89hdfm91fbcc45x-pnpm-11.9.0.drv",
      "description": "Fast, disk space efficient package manager for JavaScript",
      "install_id": "pnpm",
      "license": "MIT",
      "locked_url": "https://github.com/flox/nixpkgs?rev=d407951447dcd00442e97087bf374aad70c04cea",
      "name": "pnpm-11.9.0",
      "pname": "pnpm",
      "rev": "d407951447dcd00442e97087bf374aad70c04cea",
      "rev_count": 1027867,
      "rev_date": "2026-07-05T04:06:12Z",
      "scrape_date": "2026-07-06T03:42:20.022466Z",
      "stabilities": [
        "staging",
        "unstable"
      ],
      "unfree": false,
      "version": "11.9.0",
      "outputs_to_install": [
        "out"
      ],
      "outputs": {
        "out": "/nix/store/d0gyd6l4g7yi7nd7ddgliv8alcqiya20-pnpm-11.9.0"
      },
      "system": "aarch64-linux",
      "group": "toplevel",
      "priority": 5
    },
    {
      "attr_path": "pnpm",
      "broken": false,
      "derivation": "/nix/store/v9g8yn4ghl0h1fcmkalnad0p04pzv234-pnpm-11.9.0.drv",
      "description": "Fast, disk space efficient package manager for JavaScript",
      "install_id": "pnpm",
      "license": "MIT",
      "locked_url": "https://github.com/flox/nixpkgs?rev=d407951447dcd00442e97087bf374aad70c04cea",
      "name": "pnpm-11.9.0",
      "pname": "pnpm",
      "rev": "d407951447dcd00442e97087bf374aad70c04cea",
      "rev_count": 1027867,
      "rev_date": "2026-07-05T04:06:12Z",
      "scrape_date": "2026-07-06T04:09:50.442301Z",
      "stabilities": [
        "staging",
        "unstable"
      ],
      "unfree": false,
      "version": "11.9.0",
      "outputs_to_install": [
        "out"
      ],
      "outputs": {
        "out": "/nix/store/l5kand3q10lq1fzpj11wzvhjkxclrxix-pnpm-11.9.0"
      },
      "system": "x86_64-darwin",
      "group": "toplevel",
      "priority": 5
    },
    {
      "attr_path": "pnpm",
      "broken": false,
      "derivation": "/nix/store/jrca3py2k0fg36w9bjwrz6drng9zm2nf-pnpm-11.9.0.drv",
      "description": "Fast, disk space efficient package manager for JavaScript",
      "install_id": "pnpm",
      "license": "MIT",
      "locked_url": "https://github.com/flox/nixpkgs?rev=d407951447dcd00442e97087bf374aad70c04cea",
      "name": "pnpm-11.9.0",
      "pname": "pnpm",
      "rev": "d407951447dcd00442e97087bf374aad70c04cea",
      "rev_count": 1027867,
      "rev_date": "2026-07-05T04:06:12Z",
      "scrape_date": "2026-07-06T04:41:26.519698Z",
      "stabilities": [
        "staging",
        "unstable"
      ],
      "unfree": false,
      "version": "11.9.0",
      "outputs_to_install": [
        "out"
      ],
      "outputs": {
        "out": "/nix/store/gfrj5gwr59daw5qi72phra770mi0xvh1-pnpm-11.9.0"
      },
      "system": "x86_64-linux",
      "group": "toplevel",
      "priority": 5
    }
  ]
}
