{
  "lockfile-version": 1,
  "manifest": {
    "version": 1,
    "install": {
      "buf": {
        "pkg-path": "buf"
      },
      "nodejs": {
        "pkg-path": "nodejs"
      },
      "pnpm": {
        "pkg-path": "pnpm"
      }
    },
    "hook": {},
    "profile": {},
    "options": {}
  },
  "packages": [
    {
      "attr_path": "buf",
      "broken": false,
      "derivation": "/nix/store/vwxmdcd92va4hv3nl82dwyg78dihfjpw-buf-1.64.0.drv",
      "description": "Create consistent Protobuf APIs that preserve compatibility and comply with design best-practices",
      "install_id": "buf",
      "license": "Apache-2.0",
      "locked_url": "https://github.com/flox/nixpkgs?rev=9dcb002ca1690658be4a04645215baea8b95f31d",
      "name": "buf-1.64.0",
      "pname": "buf",
      "rev": "9dcb002ca1690658be4a04645215baea8b95f31d",
      "rev_count": 960399,
      "rev_date": "2026-03-08T09:52:19Z",
      "scrape_date": "2026-03-10T04:46:37.050315Z",
      "stabilities": [
        "unstable"
      ],
      "unfree": false,
      "version": "1.64.0",
      "outputs_to_install": [
        "out"
      ],
      "outputs": {
        "out": "/nix/store/bgq6plqczbhnw07d0x6vsmj7l24rni0d-buf-1.64.0"
      },
      "system": "aarch64-darwin",
      "group": "toplevel",
      "priority": 5
    },
    {
      "attr_path": "buf",
      "broken": false,
      "derivation": "/nix/store/9x0xgd3xp3qbpk522p1w1mqp8bx8kb6r-buf-1.64.0.drv",
      "description": "Create consistent Protobuf APIs that preserve compatibility and comply with design best-practices",
      "install_id": "buf",
      "license": "Apache-2.0",
      "locked_url": "https://github.com/flox/nixpkgs?rev=9dcb002ca1690658be4a04645215baea8b95f31d",
      "name": "buf-1.64.0",
      "pname": "buf",
      "rev": "9dcb002ca1690658be4a04645215baea8b95f31d",
      "rev_count": 960399,
      "rev_date": "2026-03-08T09:52:19Z",
      "scrape_date": "2026-03-10T05:23:00.058650Z",
      "stabilities": [
        "unstable"
      ],
      "unfree": false,
      "version": "1.64.0",
      "outputs_to_install": [
        "out"
      ],
      "outputs": {
        "out": "/nix/store/4ghm2b7xzm7fhrnfrqn760kd7g9pwv7q-buf-1.64.0"
      },
      "system": "aarch64-linux",
      "group": "toplevel",
      "priority": 5
    },
    {
      "attr_path": "buf",
      "broken": false,
      "derivation": "/nix/store/xzly3nk49xczqnn0ijfn1xny72cs4iqj-buf-1.64.0.drv",
      "description": "Create consistent Protobuf APIs that preserve compatibility and comply with design best-practices",
      "install_id": "buf",
      "license": "Apache-2.0",
      "locked_url": "https://github.com/flox/nixpkgs?rev=9dcb002ca1690658be4a04645215baea8b95f31d",
      "name": "buf-1.64.0",
      "pname": "buf",
      "rev": "9dcb002ca1690658be4a04645215baea8b95f31d",
      "rev_count": 960399,
      "rev_date": "2026-03-08T09:52:19Z",
      "scrape_date": "2026-03-10T06:03:51.366737Z",
      "stabilities": [
        "unstable"
      ],
      "unfree": false,
      "version": "1.64.0",
      "outputs_to_install": [
        "out"
      ],
      "outputs": {
        "out": "/nix/store/yqf9xljnmv858dpzsrlx85vmgnr6lyml-buf-1.64.0"
      },
      "system": "x86_64-darwin",
      "group": "toplevel",
      "priority": 5
    },
    {
      "attr_path": "buf",
      "broken": false,
      "derivation": "/nix/store/ljhsgg660dli62sivm4j7d0s9hgwf8xp-buf-1.64.0.drv",
      "description": "Create consistent Protobuf APIs that preserve compatibility and comply with design best-practices",
      "install_id": "buf",
      "license": "Apache-2.0",
      "locked_url": "https://github.com/flox/nixpkgs?rev=9dcb002ca1690658be4a04645215baea8b95f31d",
      "name": "buf-1.64.0",
      "pname": "buf",
      "rev": "9dcb002ca1690658be4a04645215baea8b95f31d",
      "rev_count": 960399,
      "rev_date": "2026-03-08T09:52:19Z",
      "scrape_date": "2026-03-10T06:47:05.189408Z",
      "stabilities": [
        "unstable"
      ],
      "unfree": false,
      "version": "1.64.0",
      "outputs_to_install": [
        "out"
      ],
      "outputs": {
        "out": "/nix/store/6yg20bbxmb4ywymd3s32zgjc1aq2dfsm-buf-1.64.0"
      },
      "system": "x86_64-linux",
      "group": "toplevel",
      "priority": 5
    },
    {
      "attr_path": "nodejs",
      "broken": false,
      "derivation": "/nix/store/15casabz8n6il3myv53c3gwmazcjwjxf-nodejs-24.13.0.drv",
      "description": "Event-driven I/O framework for the V8 JavaScript engine",
      "install_id": "nodejs",
      "license": "MIT",
      "locked_url": "https://github.com/flox/nixpkgs?rev=9dcb002ca1690658be4a04645215baea8b95f31d",
      "name": "nodejs-24.13.0",
      "pname": "nodejs",
      "rev": "9dcb002ca1690658be4a04645215baea8b95f31d",
      "rev_count": 960399,
      "rev_date": "2026-03-08T09:52:19Z",
      "scrape_date": "2026-03-10T04:47:01.039858Z",
      "stabilities": [
        "unstable"
      ],
      "unfree": false,
      "version": "24.13.0",
      "outputs_to_install": [
        "out",
        "out"
      ],
      "outputs": {
        "out": "/nix/store/cx0jd5mwhn7ihryyv0qp9d33f8s1iwb7-nodejs-24.13.0"
      },
      "system": "aarch64-darwin",
      "group": "toplevel",
      "priority": 5
    },
    {
      "attr_path": "nodejs",
      "broken": false,
      "derivation": "/nix/store/w9vyyxzm4d1y0y3qyazdcfnvp3yjx9rb-nodejs-24.13.0.drv",
      "description": "Event-driven I/O framework for the V8 JavaScript engine",
      "install_id": "nodejs",
      "license": "MIT",
      "locked_url": "https://github.com/flox/nixpkgs?rev=9dcb002ca1690658be4a04645215baea8b95f31d",
      "name": "nodejs-24.13.0",
      "pname": "nodejs",
      "rev": "9dcb002ca1690658be4a04645215baea8b95f31d",
      "rev_count": 960399,
      "rev_date": "2026-03-08T09:52:19Z",
      "scrape_date": "2026-03-10T05:23:38.373304Z",
      "stabilities": [
        "unstable"
      ],
      "unfree": false,
      "version": "24.13.0",
      "outputs_to_install": [
        "out",
        "out"
      ],
      "outputs": {
        "out": "/nix/store/8dsjz52869ygjd6xdvibgk3ysl3fg6zp-nodejs-24.13.0"
      },
      "system": "aarch64-linux",
      "group": "toplevel",
      "priority": 5
    },
    {
      "attr_path": "nodejs",
      "broken": false,
      "derivation": "/nix/store/2g4jab428j25rirdw7k5j8hwwfxp5x9v-nodejs-24.13.0.drv",
      "description": "Event-driven I/O framework for the V8 JavaScript engine",
      "install_id": "nodejs",
      "license": "MIT",
      "locked_url": "https://github.com/flox/nixpkgs?rev=9dcb002ca1690658be4a04645215baea8b95f31d",
      "name": "nodejs-24.13.0",
      "pname": "nodejs",
      "rev": "9dcb002ca1690658be4a04645215baea8b95f31d",
      "rev_count": 960399,
      "rev_date": "2026-03-08T09:52:19Z",
      "scrape_date": "2026-03-10T06:04:16.048205Z",
      "stabilities": [
        "unstable"
      ],
      "unfree": false,
      "version": "24.13.0",
      "outputs_to_install": [
        "out",
        "out"
      ],
      "outputs": {
        "out": "/nix/store/i9bak02hsrywwba0apxdn7ldvkf9jl6a-nodejs-24.13.0"
      },
      "system": "x86_64-darwin",
      "group": "toplevel",
      "priority": 5
    },
    {
      "attr_path": "nodejs",
      "broken": false,
      "derivation": "/nix/store/gr41mppcarfhwk10hv2g6rdmgr2yq3hz-nodejs-24.13.0.drv",
      "description": "Event-driven I/O framework for the V8 JavaScript engine",
      "install_id": "nodejs",
      "license": "MIT",
      "locked_url": "https://github.com/flox/nixpkgs?rev=9dcb002ca1690658be4a04645215baea8b95f31d",
      "name": "nodejs-24.13.0",
      "pname": "nodejs",
      "rev": "9dcb002ca1690658be4a04645215baea8b95f31d",
      "rev_count": 960399,
      "rev_date": "2026-03-08T09:52:19Z",
      "scrape_date": "2026-03-10T06:47:46.538112Z",
      "stabilities": [
        "unstable"
      ],
      "unfree": false,
      "version": "24.13.0",
      "outputs_to_install": [
        "out",
        "out"
      ],
      "outputs": {
        "out": "/nix/store/sy0c7j0npsq33d9zhnnzvjnzc52f4y0p-nodejs-24.13.0"
      },
      "system": "x86_64-linux",
      "group": "toplevel",
      "priority": 5
    },
    {
      "attr_path": "pnpm",
      "broken": false,
      "derivation": "/nix/store/9pbby5nn71znlvlz6hmrwj04h00dd4d5-pnpm-10.29.2.drv",
      "description": "Fast, disk space efficient package manager for JavaScript",
      "install_id": "pnpm",
      "license": "MIT",
      "locked_url": "https://github.com/flox/nixpkgs?rev=9dcb002ca1690658be4a04645215baea8b95f31d",
      "name": "pnpm-10.29.2",
      "pname": "pnpm",
      "rev": "9dcb002ca1690658be4a04645215baea8b95f31d",
      "rev_count": 960399,
      "rev_date": "2026-03-08T09:52:19Z",
      "scrape_date": "2026-03-10T04:47:15.091353Z",
      "stabilities": [
        "unstable"
      ],
      "unfree": false,
      "version": "10.29.2",
      "outputs_to_install": [
        "out"
      ],
      "outputs": {
        "out": "/nix/store/zhi5rp16mv20ixbk1wzxk694k9kd4ywl-pnpm-10.29.2"
      },
      "system": "aarch64-darwin",
      "group": "toplevel",
      "priority": 5
    },
    {
      "attr_path": "pnpm",
      "broken": false,
      "derivation": "/nix/store/m01bh6n6md7vj7yqzn47f0cvlch6byaa-pnpm-10.29.2.drv",
      "description": "Fast, disk space efficient package manager for JavaScript",
      "install_id": "pnpm",
      "license": "MIT",
      "locked_url": "https://github.com/flox/nixpkgs?rev=9dcb002ca1690658be4a04645215baea8b95f31d",
      "name": "pnpm-10.29.2",
      "pname": "pnpm",
      "rev": "9dcb002ca1690658be4a04645215baea8b95f31d",
      "rev_count": 960399,
      "rev_date": "2026-03-08T09:52:19Z",
      "scrape_date": "2026-03-10T05:23:58.115862Z",
      "stabilities": [
        "unstable"
      ],
      "unfree": false,
      "version": "10.29.2",
      "outputs_to_install": [
        "out"
      ],
      "outputs": {
        "out": "/nix/store/v829b24rpcl97zh767bfifx9ggvnvg5j-pnpm-10.29.2"
      },
      "system": "aarch64-linux",
      "group": "toplevel",
      "priority": 5
    },
    {
      "attr_path": "pnpm",
      "broken": false,
      "derivation": "/nix/store/c1mcs03k9i5b52r2bysgj5lq9ycf2gf3-pnpm-10.29.2.drv",
      "description": "Fast, disk space efficient package manager for JavaScript",
      "install_id": "pnpm",
      "license": "MIT",
      "locked_url": "https://github.com/flox/nixpkgs?rev=9dcb002ca1690658be4a04645215baea8b95f31d",
      "name": "pnpm-10.29.2",
      "pname": "pnpm",
      "rev": "9dcb002ca1690658be4a04645215baea8b95f31d",
      "rev_count": 960399,
      "rev_date": "2026-03-08T09:52:19Z",
      "scrape_date": "2026-03-10T06:04:29.587240Z",
      "stabilities": [
        "unstable"
      ],
      "unfree": false,
      "version": "10.29.2",
      "outputs_to_install": [
        "out"
      ],
      "outputs": {
        "out": "/nix/store/ks9l9hj8xrfr62afzl1lgcxbl9106zlp-pnpm-10.29.2"
      },
      "system": "x86_64-darwin",
      "group": "toplevel",
      "priority": 5
    },
    {
      "attr_path": "pnpm",
      "broken": false,
      "derivation": "/nix/store/0csn3qn07hjn4msnhymnvq125dqwwfps-pnpm-10.29.2.drv",
      "description": "Fast, disk space efficient package manager for JavaScript",
      "install_id": "pnpm",
      "license": "MIT",
      "locked_url": "https://github.com/flox/nixpkgs?rev=9dcb002ca1690658be4a04645215baea8b95f31d",
      "name": "pnpm-10.29.2",
      "pname": "pnpm",
      "rev": "9dcb002ca1690658be4a04645215baea8b95f31d",
      "rev_count": 960399,
      "rev_date": "2026-03-08T09:52:19Z",
      "scrape_date": "2026-03-10T06:48:07.127963Z",
      "stabilities": [
        "unstable"
      ],
      "unfree": false,
      "version": "10.29.2",
      "outputs_to_install": [
        "out"
      ],
      "outputs": {
        "out": "/nix/store/hzfx2jjklyfa3lyrwa0n9h037dnsf1i7-pnpm-10.29.2"
      },
      "system": "x86_64-linux",
      "group": "toplevel",
      "priority": 5
    }
  ]
}
